
Microsoft Visual Studio Solution File, Format Version 12.00
# Visual Studio Version 16
VisualStudioVersion = 16.0.30128.74
MinimumVisualStudioVersion = 10.0.40219.1
Project("{FAE04EC0-301F-11D3-BF4B-00C04F79EFBC}") = "AlgorythmsHomework", "AlgorythmsHomework\AlgorythmsHomework.csproj", "{45983BDF-AF52-4D30-A7C4-054B8C66719B}"
EndProject
Project("{2150E333-8FDC-42A3-9474-1A3956D46DE8}") = "HomeWork1", "HomeWork1", "{84CFD6D9-10E8-410E-BDD3-3EDCA4841FDD}"
EndProject
Project("{2150E333-8FDC-42A3-9474-1A3956D46DE8}") = "HomeWork2", "HomeWork2", "{551595DE-97EF-4FB1-AACD-A214486E7D42}"
EndProject
Project("{FAE04EC0-301F-11D3-BF4B-00C04F79EFBC}") = "Recursion", "Recursion\Recursion.csproj", "{F8C2D531-0582-4164-AF11-5717A5C5DA83}"
EndProject
Project("{2150E333-8FDC-42A3-9474-1A3956D46DE8}") = "Homework3", "Homework3", "{1CAAC256-FC06-4FC3-A942-01AA997C2F0C}"
EndProject
Project("{FAE04EC0-301F-11D3-BF4B-00C04F79EFBC}") = "FindAndSort", "FindAndSort\FindAndSort.csproj", "{473DA584-85D1-4ACC-94E2-F568DF985AFA}"
EndProject
Global
	GlobalSection(SolutionConfigurationPlatforms) = preSolution
		Debug|Any CPU = Debug|Any CPU
		Release|Any CPU = Release|Any CPU
	EndGlobalSection
	GlobalSection(ProjectConfigurationPlatforms) = postSolution
		{45983BDF-AF52-4D30-A7C4-054B8C66719B}.Debug|Any CPU.ActiveCfg = Debug|Any CPU
		{45983BDF-AF52-4D30-A7C4-054B8C66719B}.Debug|Any CPU.Build.0 = Debug|Any CPU
		{45983BDF-AF52-4D30-A7C4-054B8C66719B}.Release|Any CPU.ActiveCfg = Release|Any CPU
		{45983BDF-AF52-4D30-A7C4-054B8C66719B}.Release|Any CPU.Build.0 = Release|Any CPU
		{F8C2D531-0582-4164-AF11-5717A5C5DA83}.Debug|Any CPU.ActiveCfg = Debug|Any CPU
		{F8C2D531-0582-4164-AF11-5717A5C5DA83}.Debug|Any CPU.Build.0 = Debug|Any CPU
		{F8C2D531-0582-4164-AF11-5717A5C5DA83}.Release|Any CPU.ActiveCfg = Release|Any CPU
		{F8C2D531-0582-4164-AF11-5717A5C5DA83}.Release|Any CPU.Build.0 = Release|Any CPU
		{473DA584-85D1-4ACC-94E2-F568DF985AFA}.Debug|Any CPU.ActiveCfg = Debug|Any CPU
		{473DA584-85D1-4ACC-94E2-F568DF985AFA}.Debug|Any CPU.Build.0 = Debug|Any CPU
		{473DA584-85D1-4ACC-94E2-F568DF985AFA}.Release|Any CPU.ActiveCfg = Release|Any CPU
		{473DA584-85D1-4ACC-94E2-F568DF985AFA}.Release|Any CPU.Build.0 = Release|Any CPU
	EndGlobalSection
	GlobalSection(SolutionProperties) = preSolution
		HideSolutionNode = FALSE
	EndGlobalSection
	GlobalSection(NestedProjects) = preSolution
		{45983BDF-AF52-4D30-A7C4-054B8C66719B} = {84CFD6D9-10E8-410E-BDD3-3EDCA4841FDD}
		{F8C2D531-0582-4164-AF11-5717A5C5DA83} = {551595DE-97EF-4FB1-AACD-A214486E7D42}
		{473DA584-85D1-4ACC-94E2-F568DF985AFA} = {1CAAC256-FC06-4FC3-A942-01AA997C2F0C}
	EndGlobalSection
	GlobalSection(ExtensibilityGlobals) = postSolution
		SolutionGuid = {3FF3BDF1-6C22-446A-9871-3F07BB62BD55}
	EndGlobalSection
EndGlobal
